{
  "name": "sparql",
  "version": "1.0.0",
  "lockfileVersion": 3,
  "requires": true,
  "packages": {
    "": {
      "name": "sparql",
      "version": "1.0.0",
      "license": "ISC",
      "dependencies": {
        "@rdfjs/data-model": "^2.1.1",
        "@rdfjs/namespace": "^2.0.1",
        "rdf-sparql-builder": "^0.2.5"
      }
    },
    "node_modules/@rdfjs/data-model": {
      "version": "2.1.1",
      "resolved": "https://registry.npmjs.org/@rdfjs/data-model/-/data-model-2.1.1.tgz",
      "integrity": "sha512-6mcOI4DjIPS6MOZw23H8oAdujHCk5gippVNQ7mKwliYTvTNh+uqRM91B9OLqhoAoNcQ3t49Dx2ooIMRG9/6ooA==",
      "license": "MIT",
      "bin": {
        "rdfjs-data-model-test": "bin/test.js"
      }
    },
    "node_modules/@rdfjs/namespace": {
      "version": "2.0.1",
      "resolved": "https://registry.npmjs.org/@rdfjs/namespace/-/namespace-2.0.1.tgz",
      "integrity": "sha512-U85NWVGnL3gWvOZ4eXwUcv3/bom7PAcutSBQqmVWvOaslPy+kDzAJCH1WYBLpdQd4yMmJ+bpJcDl9rcHtXeixg==",
      "license": "MIT",
      "dependencies": {
        "@rdfjs/data-model": "^2.0.1"
      }
    },
    "node_modules/@rdfjs/to-ntriples": {
      "version": "3.0.1",
      "resolved": "https://registry.npmjs.org/@rdfjs/to-ntriples/-/to-ntriples-3.0.1.tgz",
      "integrity": "sha512-gjoPAvh4j7AbGMjcDn/8R4cW+d/FPtbfbMM0uQXkyfBFtNUW2iVgrqsgJ65roLc54Y9A2TTFaeeTGSvY9a0HCQ==",
      "license": "MIT"
    },
    "node_modules/lodash": {
      "version": "4.17.21",
      "resolved": "https://registry.npmjs.org/lodash/-/lodash-4.17.21.tgz",
      "integrity": "sha512-v2kDEe57lecTulaDIuNTPy3Ry4gLGJ6Z1O3vE1krgXZNrsQ+LFTGHVxVjcXPs17LhbZVGedAJv8XZ1tvj5FvSg==",
      "license": "MIT"
    },
    "node_modules/rdf-sparql-builder": {
      "version": "0.2.5",
      "resolved": "https://registry.npmjs.org/rdf-sparql-builder/-/rdf-sparql-builder-0.2.5.tgz",
      "integrity": "sha512-V8sZixz5SwwdezDWNtb8KGrorJR3G8ULILh+8wzvgjrFqmHZsYfIbcYEQAF9IQc/ZkQ3DnDMFIOU2ybN1DLjmw==",
      "license": "MIT",
      "dependencies": {
        "@rdfjs/data-model": "^2.0.1",
        "@rdfjs/to-ntriples": "^3.0.1",
        "lodash": "^4.17.21"
      }
    }
  }
}
